
Microsoft Visual Studio Solution File, Format Version 12.00
# Visual Studio Version 17
VisualStudioVersion = 17.14.36705.20 d17.14
MinimumVisualStudioVersion = 10.0.40219.1
Project("{FAE04EC0-301F-11D3-BF4B-00C04F79EFBC}") = "UrlMint", "UrlMint\UrlMint.csproj", "{F7FF0BA5-11C4-4D20-B00B-FAD74379837F}"
EndProject
Global
	GlobalSection(SolutionConfigurationPlatforms) = preSolution
		Debug|Any CPU = Debug|Any CPU
		Release|Any CPU = Release|Any CPU
	EndGlobalSection
	GlobalSection(ProjectConfigurationPlatforms) = postSolution
		{F7FF0BA5-11C4-4D20-B00B-FAD74379837F}.Debug|Any CPU.ActiveCfg = Debug|Any CPU
		{F7FF0BA5-11C4-4D20-B00B-FAD74379837F}.Debug|Any CPU.Build.0 = Debug|Any CPU
		{F7FF0BA5-11C4-4D20-B00B-FAD74379837F}.Release|Any CPU.ActiveCfg = Release|Any CPU
		{F7FF0BA5-11C4-4D20-B00B-FAD74379837F}.Release|Any CPU.Build.0 = Release|Any CPU
	EndGlobalSection
	GlobalSection(SolutionProperties) = preSolution
		HideSolutionNode = FALSE
	EndGlobalSection
	GlobalSection(ExtensibilityGlobals) = postSolution
		SolutionGuid = {D6B539F5-309F-4BC5-9ACE-9BAE15ABD2A0}
	EndGlobalSection
EndGlobal
